// !$*UTF8*$!
{
	archiveVersion = 1;
	classes = {
	};
	objectVersion = 60;
	objects = {

/* Begin PBXBuildFile section */
		F7E2A4B92D5533380036E0AB /* AppDelegate.swift in Sources */ = {isa = PBXBuildFile; fileRef = F7E2A4B82D5533380036E0AB /* AppDelegate.swift */; };
		F7E2A4BB2D5533380036E0AB /* SceneDelegate.swift in Sources */ = {isa = PBXBuildFile; fileRef = F7E2A4BA2D5533380036E0AB /* SceneDelegate.swift */; };
		F7E2A4BD2D5533380036E0AB /* CurrencyViewContoller.swift in Sources */ = {isa = PBXBuildFile; fileRef = F7E2A4BC2D5533380036E0AB /* CurrencyViewContoller.swift */; };
		F7E2A4C22D55333B0036E0AB /* Assets.xcassets in Resources */ = {isa = PBXBuildFile; fileRef = F7E2A4C12D55333B0036E0AB /* Assets.xcassets */; };
		F7E2A4C52D55333B0036E0AB /* LaunchScreen.storyboard in Resources */ = {isa = PBXBuildFile; fileRef = F7E2A4C32D55333B0036E0AB /* LaunchScreen.storyboard */; };
		F7E2A4D42D5545E00036E0AB /* CurrencyView.swift in Sources */ = {isa = PBXBuildFile; fileRef = F7E2A4D32D5545E00036E0AB /* CurrencyView.swift */; };
		F7E2A4D72D5546090036E0AB /* BaseViewController.swift in Sources */ = {isa = PBXBuildFile; fileRef = F7E2A4D62D5546090036E0AB /* BaseViewController.swift */; };
		F7E2A4DC2D55463C0036E0AB /* Dimension.swift in Sources */ = {isa = PBXBuildFile; fileRef = F7E2A4D92D55463C0036E0AB /* Dimension.swift */; };
		F7E2A4DD2D55463C0036E0AB /* Device.swift in Sources */ = {isa = PBXBuildFile; fileRef = F7E2A4DA2D55463C0036E0AB /* Device.swift */; };
		F7E2A4DE2D55463C0036E0AB /* Helper.swift in Sources */ = {isa = PBXBuildFile; fileRef = F7E2A4DB2D55463C0036E0AB /* Helper.swift */; };
		F7E2A4E12D5546BD0036E0AB /* TabBarCoordinator.swift in Sources */ = {isa = PBXBuildFile; fileRef = F7E2A4E02D5546BD0036E0AB /* TabBarCoordinator.swift */; };
		F7E2A4E62D55477D0036E0AB /* AppColors.swift in Sources */ = {isa = PBXBuildFile; fileRef = F7E2A4E52D55477D0036E0AB /* AppColors.swift */; };
		F7E2A4E82D55479B0036E0AB /* AppImages.swift in Sources */ = {isa = PBXBuildFile; fileRef = F7E2A4E72D55479A0036E0AB /* AppImages.swift */; };
		F7E2A4ED2D55485F0036E0AB /* FavoriteViewController.swift in Sources */ = {isa = PBXBuildFile; fileRef = F7E2A4EC2D55485F0036E0AB /* FavoriteViewController.swift */; };
		F7E2A4EF2D5549000036E0AB /* FavoriteView.swift in Sources */ = {isa = PBXBuildFile; fileRef = F7E2A4EE2D5549000036E0AB /* FavoriteView.swift */; };
		F7E2A4F22D55498F0036E0AB /* CurrencyScreenBuilder.swift in Sources */ = {isa = PBXBuildFile; fileRef = F7E2A4F12D55498F0036E0AB /* CurrencyScreenBuilder.swift */; };
		F7E2A4F52D5549F00036E0AB /* FavoriteScreenBuilder.swift in Sources */ = {isa = PBXBuildFile; fileRef = F7E2A4F42D5549F00036E0AB /* FavoriteScreenBuilder.swift */; };
		F7E2A4F82D554B4A0036E0AB /* SnapKit in Frameworks */ = {isa = PBXBuildFile; productRef = F7E2A4F72D554B4A0036E0AB /* SnapKit */; };
		F7E2A4FA2D554B4A0036E0AB /* SnapKit-Dynamic in Frameworks */ = {isa = PBXBuildFile; productRef = F7E2A4F92D554B4A0036E0AB /* SnapKit-Dynamic */; };
		F7E2A4FF2D567F2D0036E0AB /* Apollo in Frameworks */ = {isa = PBXBuildFile; productRef = F7E2A4FE2D567F2D0036E0AB /* Apollo */; };
		F7E2A50B2D56883F0036E0AB /* CurrencyRateModel.swift in Sources */ = {isa = PBXBuildFile; fileRef = F7E2A50A2D56883F0036E0AB /* CurrencyRateModel.swift */; };
		F7E2A50D2D5689920036E0AB /* CurrencyCell.swift in Sources */ = {isa = PBXBuildFile; fileRef = F7E2A50C2D5689920036E0AB /* CurrencyCell.swift */; };
		F7E2A5102D58F5B30036E0AB /* GraphQLNetwork.swift in Sources */ = {isa = PBXBuildFile; fileRef = F7E2A50F2D58F5B30036E0AB /* GraphQLNetwork.swift */; };
		F7E2A51A2D5A4F8C0036E0AB /* schema.graphqls in Resources */ = {isa = PBXBuildFile; fileRef = F7E2A5192D5A4F8C0036E0AB /* schema.graphqls */; };
		F7E2A51D2D5A536E0036E0AB /* SWOPAPI in Frameworks */ = {isa = PBXBuildFile; productRef = F7E2A51C2D5A536E0036E0AB /* SWOPAPI */; };
		F7E2A51F2D5A55420036E0AB /* Configuration.plist in Resources */ = {isa = PBXBuildFile; fileRef = F7E2A51E2D5A55420036E0AB /* Configuration.plist */; };
		F7E2A5222D5A56660036E0AB /* Configuration.swift in Sources */ = {isa = PBXBuildFile; fileRef = F7E2A5212D5A56660036E0AB /* Configuration.swift */; };
		F7E2A52A2D5A92080036E0AB /* CurrencyViewModel.swift in Sources */ = {isa = PBXBuildFile; fileRef = F7E2A5292D5A92080036E0AB /* CurrencyViewModel.swift */; };
/* End PBXBuildFile section */

/* Begin PBXFileReference section */
		F7E2A4B52D5533370036E0AB /* CurrencyTestTask.app */ = {isa = PBXFileReference; explicitFileType = wrapper.application; includeInIndex = 0; path = CurrencyTestTask.app; sourceTree = BUILT_PRODUCTS_DIR; };
		F7E2A4B82D5533380036E0AB /* AppDelegate.swift */ = {isa = PBXFileReference; lastKnownFileType = sourcecode.swift; path = AppDelegate.swift; sourceTree = "<group>"; };
		F7E2A4BA2D5533380036E0AB /* SceneDelegate.swift */ = {isa = PBXFileReference; lastKnownFileType = sourcecode.swift; path = SceneDelegate.swift; sourceTree = "<group>"; };
		F7E2A4BC2D5533380036E0AB /* CurrencyViewContoller.swift */ = {isa = PBXFileReference; lastKnownFileType = sourcecode.swift; path = CurrencyViewContoller.swift; sourceTree = "<group>"; };
		F7E2A4C12D55333B0036E0AB /* Assets.xcassets */ = {isa = PBXFileReference; lastKnownFileType = folder.assetcatalog; path = Assets.xcassets; sourceTree = "<group>"; };
		F7E2A4C42D55333B0036E0AB /* Base */ = {isa = PBXFileReference; lastKnownFileType = file.storyboard; name = Base; path = Base.lproj/LaunchScreen.storyboard; sourceTree = "<group>"; };
		F7E2A4C62D55333B0036E0AB /* Info.plist */ = {isa = PBXFileReference; lastKnownFileType = text.plist.xml; path = Info.plist; sourceTree = "<group>"; };
		F7E2A4D32D5545E00036E0AB /* CurrencyView.swift */ = {isa = PBXFileReference; lastKnownFileType = sourcecode.swift; path = CurrencyView.swift; sourceTree = "<group>"; };
		F7E2A4D62D5546090036E0AB /* BaseViewController.swift */ = {isa = PBXFileReference; lastKnownFileType = sourcecode.swift; path = BaseViewController.swift; sourceTree = "<group>"; };
		F7E2A4D92D55463C0036E0AB /* Dimension.swift */ = {isa = PBXFileReference; fileEncoding = 4; lastKnownFileType = sourcecode.swift; path = Dimension.swift; sourceTree = "<group>"; };
		F7E2A4DA2D55463C0036E0AB /* Device.swift */ = {isa = PBXFileReference; fileEncoding = 4; lastKnownFileType = sourcecode.swift; path = Device.swift; sourceTree = "<group>"; };
		F7E2A4DB2D55463C0036E0AB /* Helper.swift */ = {isa = PBXFileReference; fileEncoding = 4; lastKnownFileType = sourcecode.swift; path = Helper.swift; sourceTree = "<group>"; };
		F7E2A4E02D5546BD0036E0AB /* TabBarCoordinator.swift */ = {isa = PBXFileReference; lastKnownFileType = sourcecode.swift; path = TabBarCoordinator.swift; sourceTree = "<group>"; };
		F7E2A4E52D55477D0036E0AB /* AppColors.swift */ = {isa = PBXFileReference; lastKnownFileType = sourcecode.swift; path = AppColors.swift; sourceTree = "<group>"; };
		F7E2A4E72D55479A0036E0AB /* AppImages.swift */ = {isa = PBXFileReference; lastKnownFileType = sourcecode.swift; path = AppImages.swift; sourceTree = "<group>"; };
		F7E2A4EC2D55485F0036E0AB /* FavoriteViewController.swift */ = {isa = PBXFileReference; lastKnownFileType = sourcecode.swift; path = FavoriteViewController.swift; sourceTree = "<group>"; };
		F7E2A4EE2D5549000036E0AB /* FavoriteView.swift */ = {isa = PBXFileReference; lastKnownFileType = sourcecode.swift; path = FavoriteView.swift; sourceTree = "<group>"; };
		F7E2A4F12D55498F0036E0AB /* CurrencyScreenBuilder.swift */ = {isa = PBXFileReference; lastKnownFileType = sourcecode.swift; path = CurrencyScreenBuilder.swift; sourceTree = "<group>"; };
		F7E2A4F42D5549F00036E0AB /* FavoriteScreenBuilder.swift */ = {isa = PBXFileReference; lastKnownFileType = sourcecode.swift; path = FavoriteScreenBuilder.swift; sourceTree = "<group>"; };
		F7E2A50A2D56883F0036E0AB /* CurrencyRateModel.swift */ = {isa = PBXFileReference; lastKnownFileType = sourcecode.swift; path = CurrencyRateModel.swift; sourceTree = "<group>"; };
		F7E2A50C2D5689920036E0AB /* CurrencyCell.swift */ = {isa = PBXFileReference; lastKnownFileType = sourcecode.swift; path = CurrencyCell.swift; sourceTree = "<group>"; };
		F7E2A50F2D58F5B30036E0AB /* GraphQLNetwork.swift */ = {isa = PBXFileReference; lastKnownFileType = sourcecode.swift; path = GraphQLNetwork.swift; sourceTree = "<group>"; };
		F7E2A5132D59040C0036E0AB /* LatestEuro.graphql */ = {isa = PBXFileReference; lastKnownFileType = text; path = LatestEuro.graphql; sourceTree = "<group>"; };
		F7E2A5192D5A4F8C0036E0AB /* schema.graphqls */ = {isa = PBXFileReference; lastKnownFileType = text; path = schema.graphqls; sourceTree = "<group>"; };
		F7E2A51E2D5A55420036E0AB /* Configuration.plist */ = {isa = PBXFileReference; lastKnownFileType = text.plist.xml; path = Configuration.plist; sourceTree = "<group>"; };
		F7E2A5212D5A56660036E0AB /* Configuration.swift */ = {isa = PBXFileReference; lastKnownFileType = sourcecode.swift; path = Configuration.swift; sourceTree = "<group>"; };
		F7E2A5292D5A92080036E0AB /* CurrencyViewModel.swift */ = {isa = PBXFileReference; lastKnownFileType = sourcecode.swift; path = CurrencyViewModel.swift; sourceTree = "<group>"; };
/* End PBXFileReference section */

/* Begin PBXFrameworksBuildPhase section */
		F7E2A4B22D5533370036E0AB /* Frameworks */ = {
			isa = PBXFrameworksBuildPhase;
			buildActionMask = 2147483647;
			files = (
				F7E2A4F82D554B4A0036E0AB /* SnapKit in Frameworks */,
				F7E2A4FF2D567F2D0036E0AB /* Apollo in Frameworks */,
				F7E2A51D2D5A536E0036E0AB /* SWOPAPI in Frameworks */,
				F7E2A4FA2D554B4A0036E0AB /* SnapKit-Dynamic in Frameworks */,
			);
			runOnlyForDeploymentPostprocessing = 0;
		};
/* End PBXFrameworksBuildPhase section */

/* Begin PBXGroup section */
		F7E2A4AC2D5533370036E0AB = {
			isa = PBXGroup;
			children = (
				F7E2A4B72D5533370036E0AB /* CurrencyTestTask */,
				F7E2A4B62D5533370036E0AB /* Products */,
			);
			sourceTree = "<group>";
		};
		F7E2A4B62D5533370036E0AB /* Products */ = {
			isa = PBXGroup;
			children = (
				F7E2A4B52D5533370036E0AB /* CurrencyTestTask.app */,
			);
			name = Products;
			sourceTree = "<group>";
		};
		F7E2A4B72D5533370036E0AB /* CurrencyTestTask */ = {
			isa = PBXGroup;
			children = (
				F7E2A4B82D5533380036E0AB /* AppDelegate.swift */,
				F7E2A4BA2D5533380036E0AB /* SceneDelegate.swift */,
				F7E2A4CC2D5545610036E0AB /* Screens */,
				F7E2A4D02D5545AC0036E0AB /* Managers */,
				F7E2A4CE2D55457F0036E0AB /* Base */,
				F7E2A4CF2D55459C0036E0AB /* Common */,
				F7E2A5182D5A4F4B0036E0AB /* GraphQL */,
				F7E2A4C12D55333B0036E0AB /* Assets.xcassets */,
				F7E2A4C32D55333B0036E0AB /* LaunchScreen.storyboard */,
				F7E2A4C62D55333B0036E0AB /* Info.plist */,
			);
			path = CurrencyTestTask;
			sourceTree = "<group>";
		};
		F7E2A4CC2D5545610036E0AB /* Screens */ = {
			isa = PBXGroup;
			children = (
				F7E2A4E92D5548310036E0AB /* FavoriteModule */,
				F7E2A4CD2D5545720036E0AB /* CurencyModule */,
			);
			path = Screens;
			sourceTree = "<group>";
		};
		F7E2A4CD2D5545720036E0AB /* CurencyModule */ = {
			isa = PBXGroup;
			children = (
				F7E2A4FB2D554B7A0036E0AB /* Model */,
				F7E2A4D12D5545C90036E0AB /* View */,
				F7E2A4FC2D554B800036E0AB /* ViewModel */,
				F7E2A4D22D5545CD0036E0AB /* Controller */,
				F7E2A4F02D5549840036E0AB /* Helper */,
			);
			path = CurencyModule;
			sourceTree = "<group>";
		};
		F7E2A4CE2D55457F0036E0AB /* Base */ = {
			isa = PBXGroup;
			children = (
				F7E2A5202D5A55500036E0AB /* Configuration */,
				F7E2A4E22D5546D10036E0AB /* Constants */,
			);
			path = Base;
			sourceTree = "<group>";
		};
		F7E2A4CF2D55459C0036E0AB /* Common */ = {
			isa = PBXGroup;
			children = (
				F7E2A4DF2D5546AA0036E0AB /* Navigation */,
				F7E2A4D82D55463C0036E0AB /* Adaptive */,
				F7E2A4D52D5545F70036E0AB /* ViewController */,
			);
			path = Common;
			sourceTree = "<group>";
		};
		F7E2A4D02D5545AC0036E0AB /* Managers */ = {
			isa = PBXGroup;
			children = (
				F7E2A50E2D58F5990036E0AB /* NetworkManager */,
			);
			path = Managers;
			sourceTree = "<group>";
		};
		F7E2A4D12D5545C90036E0AB /* View */ = {
			isa = PBXGroup;
			children = (
				F7E2A4D32D5545E00036E0AB /* CurrencyView.swift */,
				F7E2A50C2D5689920036E0AB /* CurrencyCell.swift */,
			);
			path = View;
			sourceTree = "<group>";
		};
		F7E2A4D22D5545CD0036E0AB /* Controller */ = {
			isa = PBXGroup;
			children = (
				F7E2A4BC2D5533380036E0AB /* CurrencyViewContoller.swift */,
			);
			path = Controller;
			sourceTree = "<group>";
		};
		F7E2A4D52D5545F70036E0AB /* ViewController */ = {
			isa = PBXGroup;
			children = (
				F7E2A4D62D5546090036E0AB /* BaseViewController.swift */,
			);
			path = ViewController;
			sourceTree = "<group>";
		};
		F7E2A4D82D55463C0036E0AB /* Adaptive */ = {
			isa = PBXGroup;
			children = (
				F7E2A4D92D55463C0036E0AB /* Dimension.swift */,
				F7E2A4DA2D55463C0036E0AB /* Device.swift */,
				F7E2A4DB2D55463C0036E0AB /* Helper.swift */,
			);
			path = Adaptive;
			sourceTree = "<group>";
		};
		F7E2A4DF2D5546AA0036E0AB /* Navigation */ = {
			isa = PBXGroup;
			children = (
				F7E2A4E02D5546BD0036E0AB /* TabBarCoordinator.swift */,
			);
			path = Navigation;
			sourceTree = "<group>";
		};
		F7E2A4E22D5546D10036E0AB /* Constants */ = {
			isa = PBXGroup;
			children = (
				F7E2A4E52D55477D0036E0AB /* AppColors.swift */,
				F7E2A4E72D55479A0036E0AB /* AppImages.swift */,
			);
			path = Constants;
			sourceTree = "<group>";
		};
		F7E2A4E92D5548310036E0AB /* FavoriteModule */ = {
			isa = PBXGroup;
			children = (
				F7E2A4EB2D55484D0036E0AB /* View */,
				F7E2A4EA2D5548470036E0AB /* Controller */,
				F7E2A4F32D5549D50036E0AB /* Helper */,
			);
			path = FavoriteModule;
			sourceTree = "<group>";
		};
		F7E2A4EA2D5548470036E0AB /* Controller */ = {
			isa = PBXGroup;
			children = (
				F7E2A4EC2D55485F0036E0AB /* FavoriteViewController.swift */,
			);
			path = Controller;
			sourceTree = "<group>";
		};
		F7E2A4EB2D55484D0036E0AB /* View */ = {
			isa = PBXGroup;
			children = (
				F7E2A4EE2D5549000036E0AB /* FavoriteView.swift */,
			);
			path = View;
			sourceTree = "<group>";
		};
		F7E2A4F02D5549840036E0AB /* Helper */ = {
			isa = PBXGroup;
			children = (
				F7E2A4F12D55498F0036E0AB /* CurrencyScreenBuilder.swift */,
			);
			path = Helper;
			sourceTree = "<group>";
		};
		F7E2A4F32D5549D50036E0AB /* Helper */ = {
			isa = PBXGroup;
			children = (
				F7E2A4F42D5549F00036E0AB /* FavoriteScreenBuilder.swift */,
			);
			path = Helper;
			sourceTree = "<group>";
		};
		F7E2A4FB2D554B7A0036E0AB /* Model */ = {
			isa = PBXGroup;
			children = (
				F7E2A50A2D56883F0036E0AB /* CurrencyRateModel.swift */,
			);
			path = Model;
			sourceTree = "<group>";
		};
		F7E2A4FC2D554B800036E0AB /* ViewModel */ = {
			isa = PBXGroup;
			children = (
				F7E2A5292D5A92080036E0AB /* CurrencyViewModel.swift */,
			);
			path = ViewModel;
			sourceTree = "<group>";
		};
		F7E2A50E2D58F5990036E0AB /* NetworkManager */ = {
			isa = PBXGroup;
			children = (
				F7E2A50F2D58F5B30036E0AB /* GraphQLNetwork.swift */,
			);
			path = NetworkManager;
			sourceTree = "<group>";
		};
		F7E2A5182D5A4F4B0036E0AB /* GraphQL */ = {
			isa = PBXGroup;
			children = (
				F7E2A5132D59040C0036E0AB /* LatestEuro.graphql */,
				F7E2A5192D5A4F8C0036E0AB /* schema.graphqls */,
			);
			path = GraphQL;
			sourceTree = "<group>";
		};
		F7E2A5202D5A55500036E0AB /* Configuration */ = {
			isa = PBXGroup;
			children = (
				F7E2A51E2D5A55420036E0AB /* Configuration.plist */,
				F7E2A5212D5A56660036E0AB /* Configuration.swift */,
			);
			path = Configuration;
			sourceTree = "<group>";
		};
/* End PBXGroup section */

/* Begin PBXNativeTarget section */
		F7E2A4B42D5533370036E0AB /* CurrencyTestTask */ = {
			isa = PBXNativeTarget;
			buildConfigurationList = F7E2A4C92D55333B0036E0AB /* Build configuration list for PBXNativeTarget "CurrencyTestTask" */;
			buildPhases = (
				F7E2A4B12D5533370036E0AB /* Sources */,
				F7E2A4B22D5533370036E0AB /* Frameworks */,
				F7E2A4B32D5533370036E0AB /* Resources */,
			);
			buildRules = (
			);
			dependencies = (
			);
			name = CurrencyTestTask;
			packageProductDependencies = (
				F7E2A4F72D554B4A0036E0AB /* SnapKit */,
				F7E2A4F92D554B4A0036E0AB /* SnapKit-Dynamic */,
				F7E2A4FE2D567F2D0036E0AB /* Apollo */,
				F7E2A51C2D5A536E0036E0AB /* SWOPAPI */,
			);
			productName = CurrencyTestTask;
			productReference = F7E2A4B52D5533370036E0AB /* CurrencyTestTask.app */;
			productType = "com.apple.product-type.application";
		};
/* End PBXNativeTarget section */

/* Begin PBXProject section */
		F7E2A4AD2D5533370036E0AB /* Project object */ = {
			isa = PBXProject;
			attributes = {
				BuildIndependentTargetsInParallel = 1;
				LastSwiftUpdateCheck = 1500;
				LastUpgradeCheck = 1500;
				TargetAttributes = {
					F7E2A4B42D5533370036E0AB = {
						CreatedOnToolsVersion = 15.0.1;
					};
				};
			};
			buildConfigurationList = F7E2A4B02D5533370036E0AB /* Build configuration list for PBXProject "CurrencyTestTask" */;
			compatibilityVersion = "Xcode 14.0";
			developmentRegion = en;
			hasScannedForEncodings = 0;
			knownRegions = (
				en,
				Base,
			);
			mainGroup = F7E2A4AC2D5533370036E0AB;
			packageReferences = (
				F7E2A4F62D554B4A0036E0AB /* XCRemoteSwiftPackageReference "SnapKit" */,
				F7E2A4FD2D567F2D0036E0AB /* XCRemoteSwiftPackageReference "apollo-ios" */,
				F7E2A51B2D5A536E0036E0AB /* XCLocalSwiftPackageReference "SWOPAPI" */,
			);
			productRefGroup = F7E2A4B62D5533370036E0AB /* Products */;
			projectDirPath = "";
			projectRoot = "";
			targets = (
				F7E2A4B42D5533370036E0AB /* CurrencyTestTask */,
			);
		};
/* End PBXProject section */

/* Begin PBXResourcesBuildPhase section */
		F7E2A4B32D5533370036E0AB /* Resources */ = {
			isa = PBXResourcesBuildPhase;
			buildActionMask = 2147483647;
			files = (
				F7E2A51A2D5A4F8C0036E0AB /* schema.graphqls in Resources */,
				F7E2A51F2D5A55420036E0AB /* Configuration.plist in Resources */,
				F7E2A4C52D55333B0036E0AB /* LaunchScreen.storyboard in Resources */,
				F7E2A4C22D55333B0036E0AB /* Assets.xcassets in Resources */,
			);
			runOnlyForDeploymentPostprocessing = 0;
		};
/* End PBXResourcesBuildPhase section */

/* Begin PBXSourcesBuildPhase section */
		F7E2A4B12D5533370036E0AB /* Sources */ = {
			isa = PBXSourcesBuildPhase;
			buildActionMask = 2147483647;
			files = (
				F7E2A5102D58F5B30036E0AB /* GraphQLNetwork.swift in Sources */,
				F7E2A52A2D5A92080036E0AB /* CurrencyViewModel.swift in Sources */,
				F7E2A4D72D5546090036E0AB /* BaseViewController.swift in Sources */,
				F7E2A50D2D5689920036E0AB /* CurrencyCell.swift in Sources */,
				F7E2A5222D5A56660036E0AB /* Configuration.swift in Sources */,
				F7E2A4BD2D5533380036E0AB /* CurrencyViewContoller.swift in Sources */,
				F7E2A4DC2D55463C0036E0AB /* Dimension.swift in Sources */,
				F7E2A4E62D55477D0036E0AB /* AppColors.swift in Sources */,
				F7E2A4E82D55479B0036E0AB /* AppImages.swift in Sources */,
				F7E2A4D42D5545E00036E0AB /* CurrencyView.swift in Sources */,
				F7E2A4B92D5533380036E0AB /* AppDelegate.swift in Sources */,
				F7E2A4E12D5546BD0036E0AB /* TabBarCoordinator.swift in Sources */,
				F7E2A4EF2D5549000036E0AB /* FavoriteView.swift in Sources */,
				F7E2A4DD2D55463C0036E0AB /* Device.swift in Sources */,
				F7E2A4F22D55498F0036E0AB /* CurrencyScreenBuilder.swift in Sources */,
				F7E2A50B2D56883F0036E0AB /* CurrencyRateModel.swift in Sources */,
				F7E2A4BB2D5533380036E0AB /* SceneDelegate.swift in Sources */,
				F7E2A4F52D5549F00036E0AB /* FavoriteScreenBuilder.swift in Sources */,
				F7E2A4ED2D55485F0036E0AB /* FavoriteViewController.swift in Sources */,
				F7E2A4DE2D55463C0036E0AB /* Helper.swift in Sources */,
			);
			runOnlyForDeploymentPostprocessing = 0;
		};
/* End PBXSourcesBuildPhase section */

/* Begin PBXVariantGroup section */
		F7E2A4C32D55333B0036E0AB /* LaunchScreen.storyboard */ = {
			isa = PBXVariantGroup;
			children = (
				F7E2A4C42D55333B0036E0AB /* Base */,
			);
			name = LaunchScreen.storyboard;
			sourceTree = "<group>";
		};
/* End PBXVariantGroup section */

/* Begin XCBuildConfiguration section */
		F7E2A4C72D55333B0036E0AB /* Debug */ = {
			isa = XCBuildConfiguration;
			buildSettings = {
				ALWAYS_SEARCH_USER_PATHS = NO;
				ASSETCATALOG_COMPILER_GENERATE_SWIFT_ASSET_SYMBOL_EXTENSIONS = YES;
				CLANG_ANALYZER_NONNULL = YES;
				CLANG_ANALYZER_NUMBER_OBJECT_CONVERSION = YES_AGGRESSIVE;
				CLANG_CXX_LANGUAGE_STANDARD = "gnu++20";
				CLANG_ENABLE_MODULES = YES;
				CLANG_ENABLE_OBJC_ARC = YES;
				CLANG_ENABLE_OBJC_WEAK = YES;
				CLANG_WARN_BLOCK_CAPTURE_AUTORELEASING = YES;
				CLANG_WARN_BOOL_CONVERSION = YES;
				CLANG_WARN_COMMA = YES;
				CLANG_WARN_CONSTANT_CONVERSION = YES;
				CLANG_WARN_DEPRECATED_OBJC_IMPLEMENTATIONS = YES;
				CLANG_WARN_DIRECT_OBJC_ISA_USAGE = YES_ERROR;
				CLANG_WARN_DOCUMENTATION_COMMENTS = YES;
				CLANG_WARN_EMPTY_BODY = YES;
				CLANG_WARN_ENUM_CONVERSION = YES;
				CLANG_WARN_INFINITE_RECURSION = YES;
				CLANG_WARN_INT_CONVERSION = YES;
				CLANG_WARN_NON_LITERAL_NULL_CONVERSION = YES;
				CLANG_WARN_OBJC_IMPLICIT_RETAIN_SELF = YES;
				CLANG_WARN_OBJC_LITERAL_CONVERSION = YES;
				CLANG_WARN_OBJC_ROOT_CLASS = YES_ERROR;
				CLANG_WARN_QUOTED_INCLUDE_IN_FRAMEWORK_HEADER = YES;
				CLANG_WARN_RANGE_LOOP_ANALYSIS = YES;
				CLANG_WARN_STRICT_PROTOTYPES = YES;
				CLANG_WARN_SUSPICIOUS_MOVE = YES;
				CLANG_WARN_UNGUARDED_AVAILABILITY = YES_AGGRESSIVE;
				CLANG_WARN_UNREACHABLE_CODE = YES;
				CLANG_WARN__DUPLICATE_METHOD_MATCH = YES;
				COPY_PHASE_STRIP = NO;
				DEBUG_INFORMATION_FORMAT = dwarf;
				ENABLE_STRICT_OBJC_MSGSEND = YES;
				ENABLE_TESTABILITY = YES;
				ENABLE_USER_SCRIPT_SANDBOXING = YES;
				GCC_C_LANGUAGE_STANDARD = gnu17;
				GCC_DYNAMIC_NO_PIC = NO;
				GCC_NO_COMMON_BLOCKS = YES;
				GCC_OPTIMIZATION_LEVEL = 0;
				GCC_PREPROCESSOR_DEFINITIONS = (
					"DEBUG=1",
					"$(inherited)",
				);
				GCC_WARN_64_TO_32_BIT_CONVERSION = YES;
				GCC_WARN_ABOUT_RETURN_TYPE = YES_ERROR;
				GCC_WARN_UNDECLARED_SELECTOR = YES;
				GCC_WARN_UNINITIALIZED_AUTOS = YES_AGGRESSIVE;
				GCC_WARN_UNUSED_FUNCTION = YES;
				GCC_WARN_UNUSED_VARIABLE = YES;
				IPHONEOS_DEPLOYMENT_TARGET = 17.0;
				LOCALIZATION_PREFERS_STRING_CATALOGS = YES;
				MTL_ENABLE_DEBUG_INFO = INCLUDE_SOURCE;
				MTL_FAST_MATH = YES;
				ONLY_ACTIVE_ARCH = YES;
				SDKROOT = iphoneos;
				SWIFT_ACTIVE_COMPILATION_CONDITIONS = "DEBUG $(inherited)";
				SWIFT_OPTIMIZATION_LEVEL = "-Onone";
			};
			name = Debug;
		};
		F7E2A4C82D55333B0036E0AB /* Release */ = {
			isa = XCBuildConfiguration;
			buildSettings = {
				ALWAYS_SEARCH_USER_PATHS = NO;
				ASSETCATALOG_COMPILER_GENERATE_SWIFT_ASSET_SYMBOL_EXTENSIONS = YES;
				CLANG_ANALYZER_NONNULL = YES;
				CLANG_ANALYZER_NUMBER_OBJECT_CONVERSION = YES_AGGRESSIVE;
				CLANG_CXX_LANGUAGE_STANDARD = "gnu++20";
				CLANG_ENABLE_MODULES = YES;
				CLANG_ENABLE_OBJC_ARC = YES;
				CLANG_ENABLE_OBJC_WEAK = YES;
				CLANG_WARN_BLOCK_CAPTURE_AUTORELEASING = YES;
				CLANG_WARN_BOOL_CONVERSION = YES;
				CLANG_WARN_COMMA = YES;
				CLANG_WARN_CONSTANT_CONVERSION = YES;
				CLANG_WARN_DEPRECATED_OBJC_IMPLEMENTATIONS = YES;
				CLANG_WARN_DIRECT_OBJC_ISA_USAGE = YES_ERROR;
				CLANG_WARN_DOCUMENTATION_COMMENTS = YES;
				CLANG_WARN_EMPTY_BODY = YES;
				CLANG_WARN_ENUM_CONVERSION = YES;
				CLANG_WARN_INFINITE_RECURSION = YES;
				CLANG_WARN_INT_CONVERSION = YES;
				CLANG_WARN_NON_LITERAL_NULL_CONVERSION = YES;
				CLANG_WARN_OBJC_IMPLICIT_RETAIN_SELF = YES;
				CLANG_WARN_OBJC_LITERAL_CONVERSION = YES;
				CLANG_WARN_OBJC_ROOT_CLASS = YES_ERROR;
				CLANG_WARN_QUOTED_INCLUDE_IN_FRAMEWORK_HEADER = YES;
				CLANG_WARN_RANGE_LOOP_ANALYSIS = YES;
				CLANG_WARN_STRICT_PROTOTYPES = YES;
				CLANG_WARN_SUSPICIOUS_MOVE = YES;
				CLANG_WARN_UNGUARDED_AVAILABILITY = YES_AGGRESSIVE;
				CLANG_WARN_UNREACHABLE_CODE = YES;
				CLANG_WARN__DUPLICATE_METHOD_MATCH = YES;
				COPY_PHASE_STRIP = NO;
				DEBUG_INFORMATION_FORMAT = "dwarf-with-dsym";
				ENABLE_NS_ASSERTIONS = NO;
				ENABLE_STRICT_OBJC_MSGSEND = YES;
				ENABLE_USER_SCRIPT_SANDBOXING = YES;
				GCC_C_LANGUAGE_STANDARD = gnu17;
				GCC_NO_COMMON_BLOCKS = YES;
				GCC_WARN_64_TO_32_BIT_CONVERSION = YES;
				GCC_WARN_ABOUT_RETURN_TYPE = YES_ERROR;
				GCC_WARN_UNDECLARED_SELECTOR = YES;
				GCC_WARN_UNINITIALIZED_AUTOS = YES_AGGRESSIVE;
				GCC_WARN_UNUSED_FUNCTION = YES;
				GCC_WARN_UNUSED_VARIABLE = YES;
				IPHONEOS_DEPLOYMENT_TARGET = 17.0;
				LOCALIZATION_PREFERS_STRING_CATALOGS = YES;
				MTL_ENABLE_DEBUG_INFO = NO;
				MTL_FAST_MATH = YES;
				SDKROOT = iphoneos;
				SWIFT_COMPILATION_MODE = wholemodule;
				VALIDATE_PRODUCT = YES;
			};
			name = Release;
		};
		F7E2A4CA2D55333B0036E0AB /* Debug */ = {
			isa = XCBuildConfiguration;
			buildSettings = {
				ASSETCATALOG_COMPILER_APPICON_NAME = AppIcon;
				ASSETCATALOG_COMPILER_GLOBAL_ACCENT_COLOR_NAME = AccentColor;
				CODE_SIGN_STYLE = Automatic;
				CURRENT_PROJECT_VERSION = 1;
				DEVELOPMENT_TEAM = N8L5F3M6C5;
				GENERATE_INFOPLIST_FILE = YES;
				INFOPLIST_FILE = CurrencyTestTask/Info.plist;
				INFOPLIST_KEY_UIApplicationSupportsIndirectInputEvents = YES;
				INFOPLIST_KEY_UILaunchStoryboardName = LaunchScreen;
				INFOPLIST_KEY_UISupportedInterfaceOrientations_iPad = "UIInterfaceOrientationPortrait UIInterfaceOrientationPortraitUpsideDown UIInterfaceOrientationLandscapeLeft UIInterfaceOrientationLandscapeRight";
				INFOPLIST_KEY_UISupportedInterfaceOrientations_iPhone = "UIInterfaceOrientationPortrait UIInterfaceOrientationLandscapeLeft UIInterfaceOrientationLandscapeRight";
				LD_RUNPATH_SEARCH_PATHS = (
					"$(inherited)",
					"@executable_path/Frameworks",
				);
				MARKETING_VERSION = 1.0;
				PRODUCT_BUNDLE_IDENTIFIER = kiri4of.projects.CurrencyTestTask;
				PRODUCT_NAME = "$(TARGET_NAME)";
				SWIFT_EMIT_LOC_STRINGS = YES;
				SWIFT_VERSION = 5.0;
				TARGETED_DEVICE_FAMILY = "1,2";
			};
			name = Debug;
		};
		F7E2A4CB2D55333B0036E0AB /* Release */ = {
			isa = XCBuildConfiguration;
			buildSettings = {
				ASSETCATALOG_COMPILER_APPICON_NAME = AppIcon;
				ASSETCATALOG_COMPILER_GLOBAL_ACCENT_COLOR_NAME = AccentColor;
				CODE_SIGN_STYLE = Automatic;
				CURRENT_PROJECT_VERSION = 1;
				DEVELOPMENT_TEAM = N8L5F3M6C5;
				GENERATE_INFOPLIST_FILE = YES;
				INFOPLIST_FILE = CurrencyTestTask/Info.plist;
				INFOPLIST_KEY_UIApplicationSupportsIndirectInputEvents = YES;
				INFOPLIST_KEY_UILaunchStoryboardName = LaunchScreen;
				INFOPLIST_KEY_UISupportedInterfaceOrientations_iPad = "UIInterfaceOrientationPortrait UIInterfaceOrientationPortraitUpsideDown UIInterfaceOrientationLandscapeLeft UIInterfaceOrientationLandscapeRight";
				INFOPLIST_KEY_UISupportedInterfaceOrientations_iPhone = "UIInterfaceOrientationPortrait UIInterfaceOrientationLandscapeLeft UIInterfaceOrientationLandscapeRight";
				LD_RUNPATH_SEARCH_PATHS = (
					"$(inherited)",
					"@executable_path/Frameworks",
				);
				MARKETING_VERSION = 1.0;
				PRODUCT_BUNDLE_IDENTIFIER = kiri4of.projects.CurrencyTestTask;
				PRODUCT_NAME = "$(TARGET_NAME)";
				SWIFT_EMIT_LOC_STRINGS = YES;
				SWIFT_VERSION = 5.0;
				TARGETED_DEVICE_FAMILY = "1,2";
			};
			name = Release;
		};
/* End XCBuildConfiguration section */

/* Begin XCConfigurationList section */
		F7E2A4B02D5533370036E0AB /* Build configuration list for PBXProject "CurrencyTestTask" */ = {
			isa = XCConfigurationList;
			buildConfigurations = (
				F7E2A4C72D55333B0036E0AB /* Debug */,
				F7E2A4C82D55333B0036E0AB /* Release */,
			);
			defaultConfigurationIsVisible = 0;
			defaultConfigurationName = Release;
		};
		F7E2A4C92D55333B0036E0AB /* Build configuration list for PBXNativeTarget "CurrencyTestTask" */ = {
			isa = XCConfigurationList;
			buildConfigurations = (
				F7E2A4CA2D55333B0036E0AB /* Debug */,
				F7E2A4CB2D55333B0036E0AB /* Release */,
			);
			defaultConfigurationIsVisible = 0;
			defaultConfigurationName = Release;
		};
/* End XCConfigurationList section */

/* Begin XCLocalSwiftPackageReference section */
		F7E2A51B2D5A536E0036E0AB /* XCLocalSwiftPackageReference "SWOPAPI" */ = {
			isa = XCLocalSwiftPackageReference;
			relativePath = SWOPAPI;
		};
/* End XCLocalSwiftPackageReference section */

/* Begin XCRemoteSwiftPackageReference section */
		F7E2A4F62D554B4A0036E0AB /* XCRemoteSwiftPackageReference "SnapKit" */ = {
			isa = XCRemoteSwiftPackageReference;
			repositoryURL = "https://github.com/SnapKit/SnapKit";
			requirement = {
				kind = upToNextMajorVersion;
				minimumVersion = 5.7.1;
			};
		};
		F7E2A4FD2D567F2D0036E0AB /* XCRemoteSwiftPackageReference "apollo-ios" */ = {
			isa = XCRemoteSwiftPackageReference;
			repositoryURL = "https://github.com/apollographql/apollo-ios.git";
			requirement = {
				kind = upToNextMajorVersion;
				minimumVersion = 1.17.0;
			};
		};
/* End XCRemoteSwiftPackageReference section */

/* Begin XCSwiftPackageProductDependency section */
		F7E2A4F72D554B4A0036E0AB /* SnapKit */ = {
			isa = XCSwiftPackageProductDependency;
			package = F7E2A4F62D554B4A0036E0AB /* XCRemoteSwiftPackageReference "SnapKit" */;
			productName = SnapKit;
		};
		F7E2A4F92D554B4A0036E0AB /* SnapKit-Dynamic */ = {
			isa = XCSwiftPackageProductDependency;
			package = F7E2A4F62D554B4A0036E0AB /* XCRemoteSwiftPackageReference "SnapKit" */;
			productName = "SnapKit-Dynamic";
		};
		F7E2A4FE2D567F2D0036E0AB /* Apollo */ = {
			isa = XCSwiftPackageProductDependency;
			package = F7E2A4FD2D567F2D0036E0AB /* XCRemoteSwiftPackageReference "apollo-ios" */;
			productName = Apollo;
		};
		F7E2A51C2D5A536E0036E0AB /* SWOPAPI */ = {
			isa = XCSwiftPackageProductDependency;
			productName = SWOPAPI;
		};
/* End XCSwiftPackageProductDependency section */
	};
	rootObject = F7E2A4AD2D5533370036E0AB /* Project object */;
}
